// !$*UTF8*$!
{
	archiveVersion = 1;
	classes = {
	};
	objectVersion = 50;
	objects = {

/* Begin PBXBuildFile section */
		920A557D21AF162200197F26 /* Message.swift in Sources */ = {isa = PBXBuildFile; fileRef = 920A557C21AF162200197F26 /* Message.swift */; };
		9225AA9121B37D2A00E22DCC /* ScheduleEventViewController.swift in Sources */ = {isa = PBXBuildFile; fileRef = 9225AA9021B37D2A00E22DCC /* ScheduleEventViewController.swift */; };
		922A59F82195EADB00947103 /* AppDelegate.swift in Sources */ = {isa = PBXBuildFile; fileRef = 922A59F72195EADB00947103 /* AppDelegate.swift */; };
		922A59FA2195EADB00947103 /* MessageViewController.swift in Sources */ = {isa = PBXBuildFile; fileRef = 922A59F92195EADB00947103 /* MessageViewController.swift */; };
		922A59FD2195EADB00947103 /* Main.storyboard in Resources */ = {isa = PBXBuildFile; fileRef = 922A59FB2195EADB00947103 /* Main.storyboard */; };
		922A59FF2195EADC00947103 /* Assets.xcassets in Resources */ = {isa = PBXBuildFile; fileRef = 922A59FE2195EADC00947103 /* Assets.xcassets */; };
		922A5A022195EADD00947103 /* LaunchScreen.storyboard in Resources */ = {isa = PBXBuildFile; fileRef = 922A5A002195EADD00947103 /* LaunchScreen.storyboard */; };
		922A5A0A2195EB5F00947103 /* GoogleService-Info.plist in Resources */ = {isa = PBXBuildFile; fileRef = 922A5A092195EB5F00947103 /* GoogleService-Info.plist */; };
		92591C6121B1ACC100658C78 /* messageCell.swift in Sources */ = {isa = PBXBuildFile; fileRef = 92591C6021B1ACC100658C78 /* messageCell.swift */; };
		92591C6321B1B8B400658C78 /* DesignableView.swift in Sources */ = {isa = PBXBuildFile; fileRef = 92591C6221B1B8B400658C78 /* DesignableView.swift */; };
		92591C6721B1C6A200658C78 /* GroupsTableViewController.swift in Sources */ = {isa = PBXBuildFile; fileRef = 92591C6621B1C6A200658C78 /* GroupsTableViewController.swift */; };
		92A05CFA21B495C100C37EA1 /* eventClass.swift in Sources */ = {isa = PBXBuildFile; fileRef = 92A05CF921B495C000C37EA1 /* eventClass.swift */; };
		92A05CFE21B4962700C37EA1 /* masterSched.swift in Sources */ = {isa = PBXBuildFile; fileRef = 92A05CFD21B4962600C37EA1 /* masterSched.swift */; };
		92AC3F7E21B4A3C40035CA1B /* GlobalVariables.swift in Sources */ = {isa = PBXBuildFile; fileRef = 92AC3F7D21B4A3C40035CA1B /* GlobalVariables.swift */; };
		92E1AD3B21B35450004B8AFD /* LoginViewController.swift in Sources */ = {isa = PBXBuildFile; fileRef = 92E1AD3A21B35450004B8AFD /* LoginViewController.swift */; };
		92E1AD3D21B35678004B8AFD /* TabBarViewController.swift in Sources */ = {isa = PBXBuildFile; fileRef = 92E1AD3C21B35678004B8AFD /* TabBarViewController.swift */; };
		92E1AD3F21B35969004B8AFD /* EventsTableViewController.swift in Sources */ = {isa = PBXBuildFile; fileRef = 92E1AD3E21B35969004B8AFD /* EventsTableViewController.swift */; };
		92E1AD4221B35D0C004B8AFD /* conflictsList.swift in Sources */ = {isa = PBXBuildFile; fileRef = 92E1AD4021B35D0C004B8AFD /* conflictsList.swift */; };
		92E1AD4321B35D0C004B8AFD /* conflictsCell.swift in Sources */ = {isa = PBXBuildFile; fileRef = 92E1AD4121B35D0C004B8AFD /* conflictsCell.swift */; };
		92E1AD4921B35D29004B8AFD /* masterCell.swift in Sources */ = {isa = PBXBuildFile; fileRef = 92E1AD4421B35D28004B8AFD /* masterCell.swift */; };
		92E1AD4A21B35D29004B8AFD /* masterView.swift in Sources */ = {isa = PBXBuildFile; fileRef = 92E1AD4521B35D29004B8AFD /* masterView.swift */; };
		92E1AD4B21B35D29004B8AFD /* pickerView.swift in Sources */ = {isa = PBXBuildFile; fileRef = 92E1AD4621B35D29004B8AFD /* pickerView.swift */; };
		92E1AD4C21B35D29004B8AFD /* timeCell.swift in Sources */ = {isa = PBXBuildFile; fileRef = 92E1AD4721B35D29004B8AFD /* timeCell.swift */; };
		92E1AD4D21B35D29004B8AFD /* PranavViewController.swift in Sources */ = {isa = PBXBuildFile; fileRef = 92E1AD4821B35D29004B8AFD /* PranavViewController.swift */; };
		F66B1AD387D51E1A2545BD7D /* Pods_438messaging.framework in Frameworks */ = {isa = PBXBuildFile; fileRef = F342D307ADD947BAA18FF19E /* Pods_438messaging.framework */; };
/* End PBXBuildFile section */

/* Begin PBXFileReference section */
		43FD993594E4836CB7A53D5A /* Pods-438messaging.debug.xcconfig */ = {isa = PBXFileReference; includeInIndex = 1; lastKnownFileType = text.xcconfig; name = "Pods-438messaging.debug.xcconfig"; path = "Pods/Target Support Files/Pods-438messaging/Pods-438messaging.debug.xcconfig"; sourceTree = "<group>"; };
		7C099618F6C6D259860EDEA3 /* Pods-438messaging.release.xcconfig */ = {isa = PBXFileReference; includeInIndex = 1; lastKnownFileType = text.xcconfig; name = "Pods-438messaging.release.xcconfig"; path = "Pods/Target Support Files/Pods-438messaging/Pods-438messaging.release.xcconfig"; sourceTree = "<group>"; };
		920A557C21AF162200197F26 /* Message.swift */ = {isa = PBXFileReference; lastKnownFileType = sourcecode.swift; path = Message.swift; sourceTree = "<group>"; };
		9225AA9021B37D2A00E22DCC /* ScheduleEventViewController.swift */ = {isa = PBXFileReference; fileEncoding = 4; lastKnownFileType = sourcecode.swift; path = ScheduleEventViewController.swift; sourceTree = "<group>"; };
		922A59F42195EADB00947103 /* 438messaging.app */ = {isa = PBXFileReference; explicitFileType = wrapper.application; includeInIndex = 0; path = 438messaging.app; sourceTree = BUILT_PRODUCTS_DIR; };
		922A59F72195EADB00947103 /* AppDelegate.swift */ = {isa = PBXFileReference; lastKnownFileType = sourcecode.swift; path = AppDelegate.swift; sourceTree = "<group>"; };
		922A59F92195EADB00947103 /* MessageViewController.swift */ = {isa = PBXFileReference; lastKnownFileType = sourcecode.swift; path = MessageViewController.swift; sourceTree = "<group>"; };
		922A59FC2195EADB00947103 /* Base */ = {isa = PBXFileReference; lastKnownFileType = file.storyboard; name = Base; path = Base.lproj/Main.storyboard; sourceTree = "<group>"; };
		922A59FE2195EADC00947103 /* Assets.xcassets */ = {isa = PBXFileReference; lastKnownFileType = folder.assetcatalog; path = Assets.xcassets; sourceTree = "<group>"; };
		922A5A012195EADD00947103 /* Base */ = {isa = PBXFileReference; lastKnownFileType = file.storyboard; name = Base; path = Base.lproj/LaunchScreen.storyboard; sourceTree = "<group>"; };
		922A5A032195EADD00947103 /* Info.plist */ = {isa = PBXFileReference; lastKnownFileType = text.plist.xml; path = Info.plist; sourceTree = "<group>"; };
		922A5A092195EB5F00947103 /* GoogleService-Info.plist */ = {isa = PBXFileReference; fileEncoding = 4; lastKnownFileType = text.plist.xml; path = "GoogleService-Info.plist"; sourceTree = "<group>"; };
		92591C6021B1ACC100658C78 /* messageCell.swift */ = {isa = PBXFileReference; lastKnownFileType = sourcecode.swift; path = messageCell.swift; sourceTree = "<group>"; };
		92591C6221B1B8B400658C78 /* DesignableView.swift */ = {isa = PBXFileReference; lastKnownFileType = sourcecode.swift; path = DesignableView.swift; sourceTree = "<group>"; };
		92591C6621B1C6A200658C78 /* GroupsTableViewController.swift */ = {isa = PBXFileReference; lastKnownFileType = sourcecode.swift; path = GroupsTableViewController.swift; sourceTree = "<group>"; };
		92A05CF921B495C000C37EA1 /* eventClass.swift */ = {isa = PBXFileReference; fileEncoding = 4; lastKnownFileType = sourcecode.swift; path = eventClass.swift; sourceTree = "<group>"; };
		92A05CFD21B4962600C37EA1 /* masterSched.swift */ = {isa = PBXFileReference; fileEncoding = 4; lastKnownFileType = sourcecode.swift; path = masterSched.swift; sourceTree = "<group>"; };
		92AC3F7D21B4A3C40035CA1B /* GlobalVariables.swift */ = {isa = PBXFileReference; lastKnownFileType = sourcecode.swift; path = GlobalVariables.swift; sourceTree = "<group>"; };
		92E1AD3A21B35450004B8AFD /* LoginViewController.swift */ = {isa = PBXFileReference; lastKnownFileType = sourcecode.swift; path = LoginViewController.swift; sourceTree = "<group>"; };
		92E1AD3C21B35678004B8AFD /* TabBarViewController.swift */ = {isa = PBXFileReference; lastKnownFileType = sourcecode.swift; path = TabBarViewController.swift; sourceTree = "<group>"; };
		92E1AD3E21B35969004B8AFD /* EventsTableViewController.swift */ = {isa = PBXFileReference; lastKnownFileType = sourcecode.swift; path = EventsTableViewController.swift; sourceTree = "<group>"; };
		92E1AD4021B35D0C004B8AFD /* conflictsList.swift */ = {isa = PBXFileReference; fileEncoding = 4; lastKnownFileType = sourcecode.swift; path = conflictsList.swift; sourceTree = "<group>"; };
		92E1AD4121B35D0C004B8AFD /* conflictsCell.swift */ = {isa = PBXFileReference; fileEncoding = 4; lastKnownFileType = sourcecode.swift; path = conflictsCell.swift; sourceTree = "<group>"; };
		92E1AD4421B35D28004B8AFD /* masterCell.swift */ = {isa = PBXFileReference; fileEncoding = 4; lastKnownFileType = sourcecode.swift; path = masterCell.swift; sourceTree = "<group>"; };
		92E1AD4521B35D29004B8AFD /* masterView.swift */ = {isa = PBXFileReference; fileEncoding = 4; lastKnownFileType = sourcecode.swift; path = masterView.swift; sourceTree = "<group>"; };
		92E1AD4621B35D29004B8AFD /* pickerView.swift */ = {isa = PBXFileReference; fileEncoding = 4; lastKnownFileType = sourcecode.swift; path = pickerView.swift; sourceTree = "<group>"; };
		92E1AD4721B35D29004B8AFD /* timeCell.swift */ = {isa = PBXFileReference; fileEncoding = 4; lastKnownFileType = sourcecode.swift; path = timeCell.swift; sourceTree = "<group>"; };
		92E1AD4821B35D29004B8AFD /* PranavViewController.swift */ = {isa = PBXFileReference; fileEncoding = 4; lastKnownFileType = sourcecode.swift; path = PranavViewController.swift; sourceTree = "<group>"; };
		F342D307ADD947BAA18FF19E /* Pods_438messaging.framework */ = {isa = PBXFileReference; explicitFileType = wrapper.framework; includeInIndex = 0; path = Pods_438messaging.framework; sourceTree = BUILT_PRODUCTS_DIR; };
/* End PBXFileReference section */

/* Begin PBXFrameworksBuildPhase section */
		922A59F12195EADB00947103 /* Frameworks */ = {
			isa = PBXFrameworksBuildPhase;
			buildActionMask = 2147483647;
			files = (
				F66B1AD387D51E1A2545BD7D /* Pods_438messaging.framework in Frameworks */,
			);
			runOnlyForDeploymentPostprocessing = 0;
		};
/* End PBXFrameworksBuildPhase section */

/* Begin PBXGroup section */
		45BEE143578BF49D7966F795 /* Pods */ = {
			isa = PBXGroup;
			children = (
				43FD993594E4836CB7A53D5A /* Pods-438messaging.debug.xcconfig */,
				7C099618F6C6D259860EDEA3 /* Pods-438messaging.release.xcconfig */,
			);
			name = Pods;
			sourceTree = "<group>";
		};
		7385B582D8A9DF211B6FC52D /* Frameworks */ = {
			isa = PBXGroup;
			children = (
				F342D307ADD947BAA18FF19E /* Pods_438messaging.framework */,
			);
			name = Frameworks;
			sourceTree = "<group>";
		};
		922A59EB2195EADB00947103 = {
			isa = PBXGroup;
			children = (
				922A59F62195EADB00947103 /* 438messaging */,
				922A59F52195EADB00947103 /* Products */,
				45BEE143578BF49D7966F795 /* Pods */,
				7385B582D8A9DF211B6FC52D /* Frameworks */,
			);
			sourceTree = "<group>";
		};
		922A59F52195EADB00947103 /* Products */ = {
			isa = PBXGroup;
			children = (
				922A59F42195EADB00947103 /* 438messaging.app */,
			);
			name = Products;
			sourceTree = "<group>";
		};
		922A59F62195EADB00947103 /* 438messaging */ = {
			isa = PBXGroup;
			children = (
				922A59F72195EADB00947103 /* AppDelegate.swift */,
				920A557C21AF162200197F26 /* Message.swift */,
				92E1AD3A21B35450004B8AFD /* LoginViewController.swift */,
				92E1AD3C21B35678004B8AFD /* TabBarViewController.swift */,
				92591C6621B1C6A200658C78 /* GroupsTableViewController.swift */,
				92E1AD3E21B35969004B8AFD /* EventsTableViewController.swift */,
				922A59F92195EADB00947103 /* MessageViewController.swift */,
				92E1AD4121B35D0C004B8AFD /* conflictsCell.swift */,
				92E1AD4021B35D0C004B8AFD /* conflictsList.swift */,
				92E1AD4421B35D28004B8AFD /* masterCell.swift */,
				92E1AD4521B35D29004B8AFD /* masterView.swift */,
				92E1AD4621B35D29004B8AFD /* pickerView.swift */,
				92E1AD4821B35D29004B8AFD /* PranavViewController.swift */,
				92E1AD4721B35D29004B8AFD /* timeCell.swift */,
				9225AA9021B37D2A00E22DCC /* ScheduleEventViewController.swift */,
				92A05CF921B495C000C37EA1 /* eventClass.swift */,
				92A05CFD21B4962600C37EA1 /* masterSched.swift */,
				922A59FB2195EADB00947103 /* Main.storyboard */,
				922A59FE2195EADC00947103 /* Assets.xcassets */,
				922A5A002195EADD00947103 /* LaunchScreen.storyboard */,
				922A5A032195EADD00947103 /* Info.plist */,
				922A5A092195EB5F00947103 /* GoogleService-Info.plist */,
				92591C6021B1ACC100658C78 /* messageCell.swift */,
				92591C6221B1B8B400658C78 /* DesignableView.swift */,
				92AC3F7D21B4A3C40035CA1B /* GlobalVariables.swift */,
			);
			path = 438messaging;
			sourceTree = "<group>";
		};
/* End PBXGroup section */

/* Begin PBXNativeTarget section */
		922A59F32195EADB00947103 /* 438messaging */ = {
			isa = PBXNativeTarget;
			buildConfigurationList = 922A5A062195EADD00947103 /* Build configuration list for PBXNativeTarget "438messaging" */;
			buildPhases = (
				FCAD83279137B00EE64AFBA5 /* [CP] Check Pods Manifest.lock */,
				922A59F02195EADB00947103 /* Sources */,
				922A59F12195EADB00947103 /* Frameworks */,
				922A59F22195EADB00947103 /* Resources */,
				142A9B4E263C13590791920C /* [CP] Embed Pods Frameworks */,
			);
			buildRules = (
			);
			dependencies = (
			);
			name = 438messaging;
			productName = 438messaging;
			productReference = 922A59F42195EADB00947103 /* 438messaging.app */;
			productType = "com.apple.product-type.application";
		};
/* End PBXNativeTarget section */

/* Begin PBXProject section */
		922A59EC2195EADB00947103 /* Project object */ = {
			isa = PBXProject;
			attributes = {
				LastSwiftUpdateCheck = 0940;
				LastUpgradeCheck = 0940;
				ORGANIZATIONNAME = "Zachary Perlman";
				TargetAttributes = {
					922A59F32195EADB00947103 = {
						CreatedOnToolsVersion = 9.4;
					};
				};
			};
			buildConfigurationList = 922A59EF2195EADB00947103 /* Build configuration list for PBXProject "438messaging" */;
			compatibilityVersion = "Xcode 9.3";
			developmentRegion = en;
			hasScannedForEncodings = 0;
			knownRegions = (
				en,
				Base,
			);
			mainGroup = 922A59EB2195EADB00947103;
			productRefGroup = 922A59F52195EADB00947103 /* Products */;
			projectDirPath = "";
			projectRoot = "";
			targets = (
				922A59F32195EADB00947103 /* 438messaging */,
			);
		};
/* End PBXProject section */

/* Begin PBXResourcesBuildPhase section */
		922A59F22195EADB00947103 /* Resources */ = {
			isa = PBXResourcesBuildPhase;
			buildActionMask = 2147483647;
			files = (
				922A5A022195EADD00947103 /* LaunchScreen.storyboard in Resources */,
				922A5A0A2195EB5F00947103 /* GoogleService-Info.plist in Resources */,
				922A59FF2195EADC00947103 /* Assets.xcassets in Resources */,
				922A59FD2195EADB00947103 /* Main.storyboard in Resources */,
			);
			runOnlyForDeploymentPostprocessing = 0;
		};
/* End PBXResourcesBuildPhase section */

/* Begin PBXShellScriptBuildPhase section */
		142A9B4E263C13590791920C /* [CP] Embed Pods Frameworks */ = {
			isa = PBXShellScriptBuildPhase;
			buildActionMask = 2147483647;
			files = (
			);
			inputPaths = (
				"${SRCROOT}/Pods/Target Support Files/Pods-438messaging/Pods-438messaging-frameworks.sh",
				"${BUILT_PRODUCTS_DIR}/GoogleUtilities/GoogleUtilities.framework",
				"${BUILT_PRODUCTS_DIR}/leveldb-library/leveldb.framework",
				"${BUILT_PRODUCTS_DIR}/nanopb/nanopb.framework",
			);
			name = "[CP] Embed Pods Frameworks";
			outputPaths = (
				"${TARGET_BUILD_DIR}/${FRAMEWORKS_FOLDER_PATH}/GoogleUtilities.framework",
				"${TARGET_BUILD_DIR}/${FRAMEWORKS_FOLDER_PATH}/leveldb.framework",
				"${TARGET_BUILD_DIR}/${FRAMEWORKS_FOLDER_PATH}/nanopb.framework",
			);
			runOnlyForDeploymentPostprocessing = 0;
			shellPath = /bin/sh;
			shellScript = "\"${SRCROOT}/Pods/Target Support Files/Pods-438messaging/Pods-438messaging-frameworks.sh\"\n";
			showEnvVarsInLog = 0;
		};
		FCAD83279137B00EE64AFBA5 /* [CP] Check Pods Manifest.lock */ = {
			isa = PBXShellScriptBuildPhase;
			buildActionMask = 2147483647;
			files = (
			);
			inputPaths = (
				"${PODS_PODFILE_DIR_PATH}/Podfile.lock",
				"${PODS_ROOT}/Manifest.lock",
			);
			name = "[CP] Check Pods Manifest.lock";
			outputPaths = (
				"$(DERIVED_FILE_DIR)/Pods-438messaging-checkManifestLockResult.txt",
			);
			runOnlyForDeploymentPostprocessing = 0;
			shellPath = /bin/sh;
			shellScript = "diff \"${PODS_PODFILE_DIR_PATH}/Podfile.lock\" \"${PODS_ROOT}/Manifest.lock\" > /dev/null\nif [ $? != 0 ] ; then\n    # print error to STDERR\n    echo \"error: The sandbox is not in sync with the Podfile.lock. Run 'pod install' or update your CocoaPods installation.\" >&2\n    exit 1\nfi\n# This output is used by Xcode 'outputs' to avoid re-running this script phase.\necho \"SUCCESS\" > \"${SCRIPT_OUTPUT_FILE_0}\"\n";
			showEnvVarsInLog = 0;
		};
/* End PBXShellScriptBuildPhase section */

/* Begin PBXSourcesBuildPhase section */
		922A59F02195EADB00947103 /* Sources */ = {
			isa = PBXSourcesBuildPhase;
			buildActionMask = 2147483647;
			files = (
				92E1AD3D21B35678004B8AFD /* TabBarViewController.swift in Sources */,
				92E1AD3B21B35450004B8AFD /* LoginViewController.swift in Sources */,
				92E1AD4B21B35D29004B8AFD /* pickerView.swift in Sources */,
				92A05CFA21B495C100C37EA1 /* eventClass.swift in Sources */,
				92E1AD3F21B35969004B8AFD /* EventsTableViewController.swift in Sources */,
				922A59FA2195EADB00947103 /* MessageViewController.swift in Sources */,
				92A05CFE21B4962700C37EA1 /* masterSched.swift in Sources */,
				92591C6121B1ACC100658C78 /* messageCell.swift in Sources */,
				92E1AD4221B35D0C004B8AFD /* conflictsList.swift in Sources */,
				920A557D21AF162200197F26 /* Message.swift in Sources */,
				92E1AD4C21B35D29004B8AFD /* timeCell.swift in Sources */,
				92E1AD4A21B35D29004B8AFD /* masterView.swift in Sources */,
				92E1AD4921B35D29004B8AFD /* masterCell.swift in Sources */,
				92591C6321B1B8B400658C78 /* DesignableView.swift in Sources */,
				92AC3F7E21B4A3C40035CA1B /* GlobalVariables.swift in Sources */,
				92E1AD4D21B35D29004B8AFD /* PranavViewController.swift in Sources */,
				922A59F82195EADB00947103 /* AppDelegate.swift in Sources */,
				92591C6721B1C6A200658C78 /* GroupsTableViewController.swift in Sources */,
				9225AA9121B37D2A00E22DCC /* ScheduleEventViewController.swift in Sources */,
				92E1AD4321B35D0C004B8AFD /* conflictsCell.swift in Sources */,
			);
			runOnlyForDeploymentPostprocessing = 0;
		};
/* End PBXSourcesBuildPhase section */

/* Begin PBXVariantGroup section */
		922A59FB2195EADB00947103 /* Main.storyboard */ = {
			isa = PBXVariantGroup;
			children = (
				922A59FC2195EADB00947103 /* Base */,
			);
			name = Main.storyboard;
			sourceTree = "<group>";
		};
		922A5A002195EADD00947103 /* LaunchScreen.storyboard */ = {
			isa = PBXVariantGroup;
			children = (
				922A5A012195EADD00947103 /* Base */,
			);
			name = LaunchScreen.storyboard;
			sourceTree = "<group>";
		};
/* End PBXVariantGroup section */

/* Begin XCBuildConfiguration section */
		922A5A042195EADD00947103 /* Debug */ = {
			isa = XCBuildConfiguration;
			buildSettings = {
				ALWAYS_SEARCH_USER_PATHS = NO;
				CLANG_ANALYZER_NONNULL = YES;
				CLANG_ANALYZER_NUMBER_OBJECT_CONVERSION = YES_AGGRESSIVE;
				CLANG_CXX_LANGUAGE_STANDARD = "gnu++14";
				CLANG_CXX_LIBRARY = "libc++";
				CLANG_ENABLE_MODULES = YES;
				CLANG_ENABLE_OBJC_ARC = YES;
				CLANG_ENABLE_OBJC_WEAK = YES;
				CLANG_WARN_BLOCK_CAPTURE_AUTORELEASING = YES;
				CLANG_WARN_BOOL_CONVERSION = YES;
				CLANG_WARN_COMMA = YES;
				CLANG_WARN_CONSTANT_CONVERSION = YES;
				CLANG_WARN_DEPRECATED_OBJC_IMPLEMENTATIONS = YES;
				CLANG_WARN_DIRECT_OBJC_ISA_USAGE = YES_ERROR;
				CLANG_WARN_DOCUMENTATION_COMMENTS = YES;
				CLANG_WARN_EMPTY_BODY = YES;
				CLANG_WARN_ENUM_CONVERSION = YES;
				CLANG_WARN_INFINITE_RECURSION = YES;
				CLANG_WARN_INT_CONVERSION = YES;
				CLANG_WARN_NON_LITERAL_NULL_CONVERSION = YES;
				CLANG_WARN_OBJC_IMPLICIT_RETAIN_SELF = YES;
				CLANG_WARN_OBJC_LITERAL_CONVERSION = YES;
				CLANG_WARN_OBJC_ROOT_CLASS = YES_ERROR;
				CLANG_WARN_RANGE_LOOP_ANALYSIS = YES;
				CLANG_WARN_STRICT_PROTOTYPES = YES;
				CLANG_WARN_SUSPICIOUS_MOVE = YES;
				CLANG_WARN_UNGUARDED_AVAILABILITY = YES_AGGRESSIVE;
				CLANG_WARN_UNREACHABLE_CODE = YES;
				CLANG_WARN__DUPLICATE_METHOD_MATCH = YES;
				CODE_SIGN_IDENTITY = "iPhone Developer";
				COPY_PHASE_STRIP = NO;
				DEBUG_INFORMATION_FORMAT = dwarf;
				ENABLE_STRICT_OBJC_MSGSEND = YES;
				ENABLE_TESTABILITY = YES;
				GCC_C_LANGUAGE_STANDARD = gnu11;
				GCC_DYNAMIC_NO_PIC = NO;
				GCC_NO_COMMON_BLOCKS = YES;
				GCC_OPTIMIZATION_LEVEL = 0;
				GCC_PREPROCESSOR_DEFINITIONS = (
					"DEBUG=1",
					"$(inherited)",
				);
				GCC_WARN_64_TO_32_BIT_CONVERSION = YES;
				GCC_WARN_ABOUT_RETURN_TYPE = YES_ERROR;
				GCC_WARN_UNDECLARED_SELECTOR = YES;
				GCC_WARN_UNINITIALIZED_AUTOS = YES_AGGRESSIVE;
				GCC_WARN_UNUSED_FUNCTION = YES;
				GCC_WARN_UNUSED_VARIABLE = YES;
				IPHONEOS_DEPLOYMENT_TARGET = 11.4;
				MTL_ENABLE_DEBUG_INFO = YES;
				ONLY_ACTIVE_ARCH = YES;
				SDKROOT = iphoneos;
				SWIFT_ACTIVE_COMPILATION_CONDITIONS = DEBUG;
				SWIFT_OPTIMIZATION_LEVEL = "-Onone";
			};
			name = Debug;
		};
		922A5A052195EADD00947103 /* Release */ = {
			isa = XCBuildConfiguration;
			buildSettings = {
				ALWAYS_SEARCH_USER_PATHS = NO;
				CLANG_ANALYZER_NONNULL = YES;
				CLANG_ANALYZER_NUMBER_OBJECT_CONVERSION = YES_AGGRESSIVE;
				CLANG_CXX_LANGUAGE_STANDARD = "gnu++14";
				CLANG_CXX_LIBRARY = "libc++";
				CLANG_ENABLE_MODULES = YES;
				CLANG_ENABLE_OBJC_ARC = YES;
				CLANG_ENABLE_OBJC_WEAK = YES;
				CLANG_WARN_BLOCK_CAPTURE_AUTORELEASING = YES;
				CLANG_WARN_BOOL_CONVERSION = YES;
				CLANG_WARN_COMMA = YES;
				CLANG_WARN_CONSTANT_CONVERSION = YES;
				CLANG_WARN_DEPRECATED_OBJC_IMPLEMENTATIONS = YES;
				CLANG_WARN_DIRECT_OBJC_ISA_USAGE = YES_ERROR;
				CLANG_WARN_DOCUMENTATION_COMMENTS = YES;
				CLANG_WARN_EMPTY_BODY = YES;
				CLANG_WARN_ENUM_CONVERSION = YES;
				CLANG_WARN_INFINITE_RECURSION = YES;
				CLANG_WARN_INT_CONVERSION = YES;
				CLANG_WARN_NON_LITERAL_NULL_CONVERSION = YES;
				CLANG_WARN_OBJC_IMPLICIT_RETAIN_SELF = YES;
				CLANG_WARN_OBJC_LITERAL_CONVERSION = YES;
				CLANG_WARN_OBJC_ROOT_CLASS = YES_ERROR;
				CLANG_WARN_RANGE_LOOP_ANALYSIS = YES;
				CLANG_WARN_STRICT_PROTOTYPES = YES;
				CLANG_WARN_SUSPICIOUS_MOVE = YES;
				CLANG_WARN_UNGUARDED_AVAILABILITY = YES_AGGRESSIVE;
				CLANG_WARN_UNREACHABLE_CODE = YES;
				CLANG_WARN__DUPLICATE_METHOD_MATCH = YES;
				CODE_SIGN_IDENTITY = "iPhone Developer";
				COPY_PHASE_STRIP = NO;
				DEBUG_INFORMATION_FORMAT = "dwarf-with-dsym";
				ENABLE_NS_ASSERTIONS = NO;
				ENABLE_STRICT_OBJC_MSGSEND = YES;
				GCC_C_LANGUAGE_STANDARD = gnu11;
				GCC_NO_COMMON_BLOCKS = YES;
				GCC_WARN_64_TO_32_BIT_CONVERSION = YES;
				GCC_WARN_ABOUT_RETURN_TYPE = YES_ERROR;
				GCC_WARN_UNDECLARED_SELECTOR = YES;
				GCC_WARN_UNINITIALIZED_AUTOS = YES_AGGRESSIVE;
				GCC_WARN_UNUSED_FUNCTION = YES;
				GCC_WARN_UNUSED_VARIABLE = YES;
				IPHONEOS_DEPLOYMENT_TARGET = 11.4;
				MTL_ENABLE_DEBUG_INFO = NO;
				SDKROOT = iphoneos;
				SWIFT_COMPILATION_MODE = wholemodule;
				SWIFT_OPTIMIZATION_LEVEL = "-O";
				VALIDATE_PRODUCT = YES;
			};
			name = Release;
		};
		922A5A072195EADD00947103 /* Debug */ = {
			isa = XCBuildConfiguration;
			baseConfigurationReference = 43FD993594E4836CB7A53D5A /* Pods-438messaging.debug.xcconfig */;
			buildSettings = {
				ASSETCATALOG_COMPILER_APPICON_NAME = AppIcon;
				CODE_SIGN_STYLE = Automatic;
				DEVELOPMENT_TEAM = 74WRU2D479;
				INFOPLIST_FILE = 438messaging/Info.plist;
				LD_RUNPATH_SEARCH_PATHS = (
					"$(inherited)",
					"@executable_path/Frameworks",
				);
				PRODUCT_BUNDLE_IDENTIFIER = com.zach.438messaging;
				PRODUCT_NAME = "$(TARGET_NAME)";
				SWIFT_VERSION = 4.0;
				TARGETED_DEVICE_FAMILY = "1,2";
			};
			name = Debug;
		};
		922A5A082195EADD00947103 /* Release */ = {
			isa = XCBuildConfiguration;
			baseConfigurationReference = 7C099618F6C6D259860EDEA3 /* Pods-438messaging.release.xcconfig */;
			buildSettings = {
				ASSETCATALOG_COMPILER_APPICON_NAME = AppIcon;
				CODE_SIGN_STYLE = Automatic;
				DEVELOPMENT_TEAM = 74WRU2D479;
				INFOPLIST_FILE = 438messaging/Info.plist;
				LD_RUNPATH_SEARCH_PATHS = (
					"$(inherited)",
					"@executable_path/Frameworks",
				);
				PRODUCT_BUNDLE_IDENTIFIER = com.zach.438messaging;
				PRODUCT_NAME = "$(TARGET_NAME)";
				SWIFT_VERSION = 4.0;
				TARGETED_DEVICE_FAMILY = "1,2";
			};
			name = Release;
		};
/* End XCBuildConfiguration section */

/* Begin XCConfigurationList section */
		922A59EF2195EADB00947103 /* Build configuration list for PBXProject "438messaging" */ = {
			isa = XCConfigurationList;
			buildConfigurations = (
				922A5A042195EADD00947103 /* Debug */,
				922A5A052195EADD00947103 /* Release */,
			);
			defaultConfigurationIsVisible = 0;
			defaultConfigurationName = Release;
		};
		922A5A062195EADD00947103 /* Build configuration list for PBXNativeTarget "438messaging" */ = {
			isa = XCConfigurationList;
			buildConfigurations = (
				922A5A072195EADD00947103 /* Debug */,
				922A5A082195EADD00947103 /* Release */,
			);
			defaultConfigurationIsVisible = 0;
			defaultConfigurationName = Release;
		};
/* End XCConfigurationList section */
	};
	rootObject = 922A59EC2195EADB00947103 /* Project object */;
}
